
Microsoft Visual Studio Solution File, Format Version 12.00
# Visual Studio 2013
VisualStudioVersion = 12.0.30723.0
MinimumVisualStudioVersion = 10.0.40219.1
Project("{FAE04EC0-301F-11D3-BF4B-00C04F79EFBC}") = "ConsequentAsyncTaskDemo", "ConsequentAsyncTaskDemo\ConsequentAsyncTaskDemo.csproj", "{BCC7CD00-73A4-4C14-A742-1DE7A62F3DFF}"
EndProject
Project("{FAE04EC0-301F-11D3-BF4B-00C04F79EFBC}") = "ParallelAsyncTaskDemo", "ParallelAsyncTaskDemo\ParallelAsyncTaskDemo.csproj", "{846331C6-3B51-4ED2-ACF2-608FEC35DD3D}"
EndProject
Project("{FAE04EC0-301F-11D3-BF4B-00C04F79EFBC}") = "ExceptionHandlingDemo", "ExceptionHandlingDemo\ExceptionHandlingDemo.csproj", "{15B487EF-B725-42DA-8DBF-C3B192513070}"
EndProject
Project("{FAE04EC0-301F-11D3-BF4B-00C04F79EFBC}") = "Pitfall", "Pitfall\Pitfall.csproj", "{B31AC92E-3FA8-489B-AC4F-2BBF8AB2FB48}"
EndProject
Global
	GlobalSection(SolutionConfigurationPlatforms) = preSolution
		Debug|Any CPU = Debug|Any CPU
		Release|Any CPU = Release|Any CPU
	EndGlobalSection
	GlobalSection(ProjectConfigurationPlatforms) = postSolution
		{BCC7CD00-73A4-4C14-A742-1DE7A62F3DFF}.Debug|Any CPU.ActiveCfg = Debug|Any CPU
		{BCC7CD00-73A4-4C14-A742-1DE7A62F3DFF}.Debug|Any CPU.Build.0 = Debug|Any CPU
		{BCC7CD00-73A4-4C14-A742-1DE7A62F3DFF}.Release|Any CPU.ActiveCfg = Release|Any CPU
		{BCC7CD00-73A4-4C14-A742-1DE7A62F3DFF}.Release|Any CPU.Build.0 = Release|Any CPU
		{846331C6-3B51-4ED2-ACF2-608FEC35DD3D}.Debug|Any CPU.ActiveCfg = Debug|Any CPU
		{846331C6-3B51-4ED2-ACF2-608FEC35DD3D}.Debug|Any CPU.Build.0 = Debug|Any CPU
		{846331C6-3B51-4ED2-ACF2-608FEC35DD3D}.Release|Any CPU.ActiveCfg = Release|Any CPU
		{846331C6-3B51-4ED2-ACF2-608FEC35DD3D}.Release|Any CPU.Build.0 = Release|Any CPU
		{15B487EF-B725-42DA-8DBF-C3B192513070}.Debug|Any CPU.ActiveCfg = Debug|Any CPU
		{15B487EF-B725-42DA-8DBF-C3B192513070}.Debug|Any CPU.Build.0 = Debug|Any CPU
		{15B487EF-B725-42DA-8DBF-C3B192513070}.Release|Any CPU.ActiveCfg = Release|Any CPU
		{15B487EF-B725-42DA-8DBF-C3B192513070}.Release|Any CPU.Build.0 = Release|Any CPU
		{B31AC92E-3FA8-489B-AC4F-2BBF8AB2FB48}.Debug|Any CPU.ActiveCfg = Debug|Any CPU
		{B31AC92E-3FA8-489B-AC4F-2BBF8AB2FB48}.Debug|Any CPU.Build.0 = Debug|Any CPU
		{B31AC92E-3FA8-489B-AC4F-2BBF8AB2FB48}.Release|Any CPU.ActiveCfg = Release|Any CPU
		{B31AC92E-3FA8-489B-AC4F-2BBF8AB2FB48}.Release|Any CPU.Build.0 = Release|Any CPU
	EndGlobalSection
	GlobalSection(SolutionProperties) = preSolution
		HideSolutionNode = FALSE
	EndGlobalSection
EndGlobal
